
Microsoft Visual Studio Solution File, Format Version 12.00
# Visual Studio Version 17
VisualStudioVersion = 17.8.34601.278
MinimumVisualStudioVersion = 10.0.40219.1
Project("{FAE04EC0-301F-11D3-BF4B-00C04F79EFBC}") = "WebApp.Ui", "WebApp.Ui\WebApp.Ui.csproj", "{BAE33460-47F4-4F40-9385-2B2A0D542E51}"
EndProject
Project("{FAE04EC0-301F-11D3-BF4B-00C04F79EFBC}") = "WebApp.Shared", "WebApp.Shared\WebApp.Shared.csproj", "{A12C1D41-D3BD-43B1-A03A-CA108498E899}"
EndProject
Global
	GlobalSection(SolutionConfigurationPlatforms) = preSolution
		Debug|Any CPU = Debug|Any CPU
		Release|Any CPU = Release|Any CPU
	EndGlobalSection
	GlobalSection(ProjectConfigurationPlatforms) = postSolution
		{BAE33460-47F4-4F40-9385-2B2A0D542E51}.Debug|Any CPU.ActiveCfg = Debug|Any CPU
		{BAE33460-47F4-4F40-9385-2B2A0D542E51}.Debug|Any CPU.Build.0 = Debug|Any CPU
		{BAE33460-47F4-4F40-9385-2B2A0D542E51}.Release|Any CPU.ActiveCfg = Release|Any CPU
		{BAE33460-47F4-4F40-9385-2B2A0D542E51}.Release|Any CPU.Build.0 = Release|Any CPU
		{A12C1D41-D3BD-43B1-A03A-CA108498E899}.Debug|Any CPU.ActiveCfg = Debug|Any CPU
		{A12C1D41-D3BD-43B1-A03A-CA108498E899}.Debug|Any CPU.Build.0 = Debug|Any CPU
		{A12C1D41-D3BD-43B1-A03A-CA108498E899}.Release|Any CPU.ActiveCfg = Release|Any CPU
		{A12C1D41-D3BD-43B1-A03A-CA108498E899}.Release|Any CPU.Build.0 = Release|Any CPU
	EndGlobalSection
	GlobalSection(SolutionProperties) = preSolution
		HideSolutionNode = FALSE
	EndGlobalSection
	GlobalSection(ExtensibilityGlobals) = postSolution
		SolutionGuid = {0DAF46CB-13AA-43FB-B649-4B3CA576A4BE}
	EndGlobalSection
EndGlobal
